# This file is automatically @generated by Poetry 1.6.1 and should not be changed by hand.

[[package]]
name = "click"
version = "8.1.7"
description = "Composable command line interface toolkit"
optional = false
python-versions = ">=3.7"
files = [
    {file = "click-8.1.7-py3-none-any.whl", hash = "sha256:ae74fb96c20a0277a1d615f1e4d73c8414f5a98db8b799a7931d1582f3390c28"},
    {file = "click-8.1.7.tar.gz", hash = "sha256:ca9853ad459e787e2192211578cc907e7594e294c7ccc834310722b41b9ca6de"},
]

[package.dependencies]
colorama = {version = "*", markers = "platform_system == \"Windows\""}

[[package]]
name = "colorama"
version = "0.4.6"
description = "Cross-platform colored terminal text."
optional = false
python-versions = "!=3.0.*,!=3.1.*,!=3.2.*,!=3.3.*,!=3.4.*,!=3.5.*,!=3.6.*,>=2.7"
files = [
    {file = "colorama-0.4.6-py2.py3-none-any.whl", hash = "sha256:4f1d9991f5acc0ca119f9d443620b77f9d6b33703e51011c16baf57afb285fc6"},
    {file = "colorama-0.4.6.tar.gz", hash = "sha256:08695f5cb7ed6e0531a20572697297273c47b8cae5a63ffc6d6ed5c201be6e44"},
]

[[package]]
name = "coverage"
version = "7.4.3"
description = "Code coverage measurement for Python"
optional = false
python-versions = ">=3.8"
files = [
    {file = "coverage-7.4.3-cp310-cp310-macosx_10_9_x86_64.whl", hash = "sha256:8580b827d4746d47294c0e0b92854c85a92c2227927433998f0d3320ae8a71b6"},
    {file = "coverage-7.4.3-cp310-cp310-macosx_11_0_arm64.whl", hash = "sha256:718187eeb9849fc6cc23e0d9b092bc2348821c5e1a901c9f8975df0bc785bfd4"},
    {file = "coverage-7.4.3-cp310-cp310-manylinux_2_17_aarch64.manylinux2014_aarch64.whl", hash = "sha256:767b35c3a246bcb55b8044fd3a43b8cd553dd1f9f2c1eeb87a302b1f8daa0524"},
    {file = "coverage-7.4.3-cp310-cp310-manylinux_2_5_i686.manylinux1_i686.manylinux_2_17_i686.manylinux2014_i686.whl", hash = "sha256:ae7f19afe0cce50039e2c782bff379c7e347cba335429678450b8fe81c4ef96d"},
    {file = "coverage-7.4.3-cp310-cp310-manylinux_2_5_x86_64.manylinux1_x86_64.manylinux_2_17_x86_64.manylinux2014_x86_64.whl", hash = "sha256:ba3a8aaed13770e970b3df46980cb068d1c24af1a1968b7818b69af8c4347efb"},
    {file = "coverage-7.4.3-cp310-cp310-musllinux_1_1_aarch64.whl", hash = "sha256:ee866acc0861caebb4f2ab79f0b94dbfbdbfadc19f82e6e9c93930f74e11d7a0"},
    {file = "coverage-7.4.3-cp310-cp310-musllinux_1_1_i686.whl", hash = "sha256:506edb1dd49e13a2d4cac6a5173317b82a23c9d6e8df63efb4f0380de0fbccbc"},
    {file = "coverage-7.4.3-cp310-cp310-musllinux_1_1_x86_64.whl", hash = "sha256:fd6545d97c98a192c5ac995d21c894b581f1fd14cf389be90724d21808b657e2"},
    {file = "coverage-7.4.3-cp310-cp310-win32.whl", hash = "sha256:f6a09b360d67e589236a44f0c39218a8efba2593b6abdccc300a8862cffc2f94"},
    {file = "coverage-7.4.3-cp310-cp310-win_amd64.whl", hash = "sha256:18d90523ce7553dd0b7e23cbb28865db23cddfd683a38fb224115f7826de78d0"},
    {file = "coverage-7.4.3-cp311-cp311-macosx_10_9_x86_64.whl", hash = "sha256:cbbe5e739d45a52f3200a771c6d2c7acf89eb2524890a4a3aa1a7fa0695d2a47"},
    {file = "coverage-7.4.3-cp311-cp311-macosx_11_0_arm64.whl", hash = "sha256:489763b2d037b164846ebac0cbd368b8a4ca56385c4090807ff9fad817de4113"},
    {file = "coverage-7.4.3-cp311-cp311-manylinux_2_17_aarch64.manylinux2014_aarch64.whl", hash = "sha256:451f433ad901b3bb00184d83fd83d135fb682d780b38af7944c9faeecb1e0bfe"},
    {file = "coverage-7.4.3-cp311-cp311-manylinux_2_5_i686.manylinux1_i686.manylinux_2_17_i686.manylinux2014_i686.whl", hash = "sha256:fcc66e222cf4c719fe7722a403888b1f5e1682d1679bd780e2b26c18bb648cdc"},
    {file = "coverage-7.4.3-cp311-cp311-manylinux_2_5_x86_64.manylinux1_x86_64.manylinux_2_17_x86_64.manylinux2014_x86_64.whl", hash = "sha256:b3ec74cfef2d985e145baae90d9b1b32f85e1741b04cd967aaf9cfa84c1334f3"},
    {file = "coverage-7.4.3-cp311-cp311-musllinux_1_1_aarch64.whl", hash = "sha256:abbbd8093c5229c72d4c2926afaee0e6e3140de69d5dcd918b2921f2f0c8baba"},
    {file = "coverage-7.4.3-cp311-cp311-musllinux_1_1_i686.whl", hash = "sha256:35eb581efdacf7b7422af677b92170da4ef34500467381e805944a3201df2079"},
    {file = "coverage-7.4.3-cp311-cp311-musllinux_1_1_x86_64.whl", hash = "sha256:8249b1c7334be8f8c3abcaaa996e1e4927b0e5a23b65f5bf6cfe3180d8ca7840"},
    {file = "coverage-7.4.3-cp311-cp311-win32.whl", hash = "sha256:cf30900aa1ba595312ae41978b95e256e419d8a823af79ce670835409fc02ad3"},
    {file = "coverage-7.4.3-cp311-cp311-win_amd64.whl", hash = "sha256:18c7320695c949de11a351742ee001849912fd57e62a706d83dfc1581897fa2e"},
    {file = "coverage-7.4.3-cp312-cp312-macosx_10_9_x86_64.whl", hash = "sha256:b51bfc348925e92a9bd9b2e48dad13431b57011fd1038f08316e6bf1df107d10"},
    {file = "coverage-7.4.3-cp312-cp312-macosx_11_0_arm64.whl", hash = "sha256:d6cdecaedea1ea9e033d8adf6a0ab11107b49571bbb9737175444cea6eb72328"},
    {file = "coverage-7.4.3-cp312-cp312-manylinux_2_17_aarch64.manylinux2014_aarch64.whl", hash = "sha256:3b2eccb883368f9e972e216c7b4c7c06cabda925b5f06dde0650281cb7666a30"},
    {file = "coverage-7.4.3-cp312-cp312-manylinux_2_5_i686.manylinux1_i686.manylinux_2_17_i686.manylinux2014_i686.whl", hash = "sha256:6c00cdc8fa4e50e1cc1f941a7f2e3e0f26cb2a1233c9696f26963ff58445bac7"},
    {file = "coverage-7.4.3-cp312-cp312-manylinux_2_5_x86_64.manylinux1_x86_64.manylinux_2_17_x86_64.manylinux2014_x86_64.whl", hash = "sha256:b9a4a8dd3dcf4cbd3165737358e4d7dfbd9d59902ad11e3b15eebb6393b0446e"},
    {file = "coverage-7.4.3-cp312-cp312-musllinux_1_1_aarch64.whl", hash = "sha256:062b0a75d9261e2f9c6d071753f7eef0fc9caf3a2c82d36d76667ba7b6470003"},
    {file = "coverage-7.4.3-cp312-cp312-musllinux_1_1_i686.whl", hash = "sha256:ebe7c9e67a2d15fa97b77ea6571ce5e1e1f6b0db71d1d5e96f8d2bf134303c1d"},
    {file = "coverage-7.4.3-cp312-cp312-musllinux_1_1_x86_64.whl", hash = "sha256:c0a120238dd71c68484f02562f6d446d736adcc6ca0993712289b102705a9a3a"},
    {file = "coverage-7.4.3-cp312-cp312-win32.whl", hash = "sha256:37389611ba54fd6d278fde86eb2c013c8e50232e38f5c68235d09d0a3f8aa352"},
    {file = "coverage-7.4.3-cp312-cp312-win_amd64.whl", hash = "sha256:d25b937a5d9ffa857d41be042b4238dd61db888533b53bc76dc082cb5a15e914"},
    {file = "coverage-7.4.3-cp38-cp38-macosx_10_9_x86_64.whl", hash = "sha256:28ca2098939eabab044ad68850aac8f8db6bf0b29bc7f2887d05889b17346454"},
    {file = "coverage-7.4.3-cp38-cp38-macosx_11_0_arm64.whl", hash = "sha256:280459f0a03cecbe8800786cdc23067a8fc64c0bd51dc614008d9c36e1659d7e"},
    {file = "coverage-7.4.3-cp38-cp38-manylinux_2_17_aarch64.manylinux2014_aarch64.whl", hash = "sha256:6c0cdedd3500e0511eac1517bf560149764b7d8e65cb800d8bf1c63ebf39edd2"},
    {file = "coverage-7.4.3-cp38-cp38-manylinux_2_5_i686.manylinux1_i686.manylinux_2_17_i686.manylinux2014_i686.whl", hash = "sha256:9a9babb9466fe1da12417a4aed923e90124a534736de6201794a3aea9d98484e"},
    {file = "coverage-7.4.3-cp38-cp38-manylinux_2_5_x86_64.manylinux1_x86_64.manylinux_2_17_x86_64.manylinux2014_x86_64.whl", hash = "sha256:dec9de46a33cf2dd87a5254af095a409ea3bf952d85ad339751e7de6d962cde6"},
    {file = "coverage-7.4.3-cp38-cp38-musllinux_1_1_aarch64.whl", hash = "sha256:16bae383a9cc5abab9bb05c10a3e5a52e0a788325dc9ba8499e821885928968c"},
    {file = "coverage-7.4.3-cp38-cp38-musllinux_1_1_i686.whl", hash = "sha256:2c854ce44e1ee31bda4e318af1dbcfc929026d12c5ed030095ad98197eeeaed0"},
    {file = "coverage-7.4.3-cp38-cp38-musllinux_1_1_x86_64.whl", hash = "sha256:ce8c50520f57ec57aa21a63ea4f325c7b657386b3f02ccaedeccf9ebe27686e1"},
    {file = "coverage-7.4.3-cp38-cp38-win32.whl", hash = "sha256:708a3369dcf055c00ddeeaa2b20f0dd1ce664eeabde6623e516c5228b753654f"},
    {file = "coverage-7.4.3-cp38-cp38-win_amd64.whl", hash = "sha256:1bf25fbca0c8d121a3e92a2a0555c7e5bc981aee5c3fdaf4bb7809f410f696b9"},
    {file = "coverage-7.4.3-cp39-cp39-macosx_10_9_x86_64.whl", hash = "sha256:3b253094dbe1b431d3a4ac2f053b6d7ede2664ac559705a704f621742e034f1f"},
    {file = "coverage-7.4.3-cp39-cp39-macosx_11_0_arm64.whl", hash = "sha256:77fbfc5720cceac9c200054b9fab50cb2a7d79660609200ab83f5db96162d20c"},
    {file = "coverage-7.4.3-cp39-cp39-manylinux_2_17_aarch64.manylinux2014_aarch64.whl", hash = "sha256:6679060424faa9c11808598504c3ab472de4531c571ab2befa32f4971835788e"},
    {file = "coverage-7.4.3-cp39-cp39-manylinux_2_5_i686.manylinux1_i686.manylinux_2_17_i686.manylinux2014_i686.whl", hash = "sha256:4af154d617c875b52651dd8dd17a31270c495082f3d55f6128e7629658d63765"},
    {file = "coverage-7.4.3-cp39-cp39-manylinux_2_5_x86_64.manylinux1_x86_64.manylinux_2_17_x86_64.manylinux2014_x86_64.whl", hash = "sha256:8640f1fde5e1b8e3439fe482cdc2b0bb6c329f4bb161927c28d2e8879c6029ee"},
    {file = "coverage-7.4.3-cp39-cp39-musllinux_1_1_aarch64.whl", hash = "sha256:69b9f6f66c0af29642e73a520b6fed25ff9fd69a25975ebe6acb297234eda501"},
    {file = "coverage-7.4.3-cp39-cp39-musllinux_1_1_i686.whl", hash = "sha256:0842571634f39016a6c03e9d4aba502be652a6e4455fadb73cd3a3a49173e38f"},
    {file = "coverage-7.4.3-cp39-cp39-musllinux_1_1_x86_64.whl", hash = "sha256:a78ed23b08e8ab524551f52953a8a05d61c3a760781762aac49f8de6eede8c45"},
    {file = "coverage-7.4.3-cp39-cp39-win32.whl", hash = "sha256:c0524de3ff096e15fcbfe8f056fdb4ea0bf497d584454f344d59fce069d3e6e9"},
    {file = "coverage-7.4.3-cp39-cp39-win_amd64.whl", hash = "sha256:0209a6369ccce576b43bb227dc8322d8ef9e323d089c6f3f26a597b09cb4d2aa"},
    {file = "coverage-7.4.3-pp38.pp39.pp310-none-any.whl", hash = "sha256:7cbde573904625509a3f37b6fecea974e363460b556a627c60dc2f47e2fffa51"},
    {file = "coverage-7.4.3.tar.gz", hash = "sha256:276f6077a5c61447a48d133ed13e759c09e62aff0dc84274a68dc18660104d52"},
]

[package.extras]
toml = ["tomli"]

[[package]]
name = "egeometry"
version = "0.2.0"
description = "Python geometry library."
optional = false
python-versions = ">=3.12,<4.0"
files = [
    {file = "egeometry-0.2.0-cp312-cp312-macosx_12_0_x86_64.whl", hash = "sha256:f36a64f3a8f7ce29ac66146d9a2fce8a0ede2a17fa7989308497e23c5d1dba23"},
    {file = "egeometry-0.2.0-cp312-cp312-manylinux_2_35_x86_64.whl", hash = "sha256:379a867666ac51286c49f8c26a1e4e39fb5592b13d8a38beeb7650e7ae7e1f41"},
    {file = "egeometry-0.2.0-cp312-cp312-win_amd64.whl", hash = "sha256:50afd3015e4ed2c57f4ee245102941699749425df9b9cd5a1097eb654cd077f8"},
    {file = "egeometry-0.2.0.tar.gz", hash = "sha256:6cda18648ca6c79c0da5c2e3f7b27e28ffbb4083d7d60047611bef5887b51c34"},
]

[package.dependencies]
emath = ">=0.1.10,<0.2.0"

[[package]]
name = "emath"
version = "0.1.10"
description = "Fast immutable math primitives."
optional = false
python-versions = ">=3.12,<4.0"
files = [
    {file = "emath-0.1.10-cp312-cp312-macosx_12_0_x86_64.whl", hash = "sha256:1968d3651afeb0d242848f2b01bc01dd908a447c5cd4ffc518c16925bf337386"},
    {file = "emath-0.1.10-cp312-cp312-manylinux_2_35_x86_64.whl", hash = "sha256:4b047d4c2e099b7306d624e0774af2ae5ab7b8ea82a07329b54bc2189dd99d49"},
    {file = "emath-0.1.10-cp312-cp312-win_amd64.whl", hash = "sha256:1f1ee04528bc9bb29324e9f8d4e063d8661aa0241f00effb934ac94e8fd7ed75"},
    {file = "emath-0.1.10.tar.gz", hash = "sha256:aa551f0dd2413d06feddfb853ddcc63c2860404028f5a3c0dc826d8a0c33fb2c"},
]

[[package]]
name = "freetype-py"
version = "2.4.0"
description = "Freetype python bindings"
optional = false
python-versions = ">=3.7"
files = [
    {file = "freetype-py-2.4.0.zip", hash = "sha256:8ad81195d2f8f339aba61700cebfbd77defad149c51f59b75a2a5e37833ae12e"},
    {file = "freetype_py-2.4.0-py3-none-macosx_10_9_universal2.whl", hash = "sha256:3e0f5a91bc812f42d98a92137e86bac4ed037a29e43dafdb76d716d5732189e8"},
    {file = "freetype_py-2.4.0-py3-none-manylinux_2_17_aarch64.manylinux2014_aarch64.whl", hash = "sha256:c9a3abc277f5f6d21575c0093c0c6139c161bf05b91aa6258505ab27c5001c5e"},
    {file = "freetype_py-2.4.0-py3-none-manylinux_2_5_x86_64.manylinux1_x86_64.manylinux_2_12_x86_64.manylinux2010_x86_64.whl", hash = "sha256:ce931f581d5038c4fea1f3d314254e0264e92441a5fdaef6817fe77b7bb888d3"},
    {file = "freetype_py-2.4.0-py3-none-musllinux_1_1_aarch64.whl", hash = "sha256:c6276d92ac401c8ce02ea391fc854de413b01a8d835fb394ee5eb6f04fc947f5"},
    {file = "freetype_py-2.4.0-py3-none-musllinux_1_1_x86_64.whl", hash = "sha256:9614f68876e9c62e821dfa811dd6160e00279d9d98cf60118cb264be48da1472"},
    {file = "freetype_py-2.4.0-py3-none-win_amd64.whl", hash = "sha256:a2620788d4f0c00bd75fee2dfca61635ab0da856131598c96e2355d5257f70e5"},
]

[[package]]
name = "iniconfig"
version = "2.0.0"
description = "brain-dead simple config-ini parsing"
optional = false
python-versions = ">=3.7"
files = [
    {file = "iniconfig-2.0.0-py3-none-any.whl", hash = "sha256:b6a85871a79d2e3b22d2d1b94ac2824226a63c6b741c88f7ae975f18b6778374"},
    {file = "iniconfig-2.0.0.tar.gz", hash = "sha256:2d91e135bf72d31a410b17c16da610a82cb55f6b0477d1a902134b24a455b8b3"},
]

[[package]]
name = "packaging"
version = "24.0"
description = "Core utilities for Python packages"
optional = false
python-versions = ">=3.7"
files = [
    {file = "packaging-24.0-py3-none-any.whl", hash = "sha256:2ddfb553fdf02fb784c234c7ba6ccc288296ceabec964ad2eae3777778130bc5"},
    {file = "packaging-24.0.tar.gz", hash = "sha256:eb82c5e3e56209074766e6885bb04b8c38a0c015d0a30036ebe7ece34c9989e9"},
]

[[package]]
name = "pillow"
version = "10.2.0"
description = "Python Imaging Library (Fork)"
optional = false
python-versions = ">=3.8"
files = [
    {file = "pillow-10.2.0-cp310-cp310-macosx_10_10_x86_64.whl", hash = "sha256:7823bdd049099efa16e4246bdf15e5a13dbb18a51b68fa06d6c1d4d8b99a796e"},
    {file = "pillow-10.2.0-cp310-cp310-macosx_11_0_arm64.whl", hash = "sha256:83b2021f2ade7d1ed556bc50a399127d7fb245e725aa0113ebd05cfe88aaf588"},
    {file = "pillow-10.2.0-cp310-cp310-manylinux_2_17_aarch64.manylinux2014_aarch64.whl", hash = "sha256:6fad5ff2f13d69b7e74ce5b4ecd12cc0ec530fcee76356cac6742785ff71c452"},
    {file = "pillow-10.2.0-cp310-cp310-manylinux_2_17_x86_64.manylinux2014_x86_64.whl", hash = "sha256:da2b52b37dad6d9ec64e653637a096905b258d2fc2b984c41ae7d08b938a67e4"},
    {file = "pillow-10.2.0-cp310-cp310-manylinux_2_28_aarch64.whl", hash = "sha256:47c0995fc4e7f79b5cfcab1fc437ff2890b770440f7696a3ba065ee0fd496563"},
    {file = "pillow-10.2.0-cp310-cp310-manylinux_2_28_x86_64.whl", hash = "sha256:322bdf3c9b556e9ffb18f93462e5f749d3444ce081290352c6070d014c93feb2"},
    {file = "pillow-10.2.0-cp310-cp310-musllinux_1_1_aarch64.whl", hash = "sha256:51f1a1bffc50e2e9492e87d8e09a17c5eea8409cda8d3f277eb6edc82813c17c"},
    {file = "pillow-10.2.0-cp310-cp310-musllinux_1_1_x86_64.whl", hash = "sha256:69ffdd6120a4737710a9eee73e1d2e37db89b620f702754b8f6e62594471dee0"},
    {file = "pillow-10.2.0-cp310-cp310-win32.whl", hash = "sha256:c6dafac9e0f2b3c78df97e79af707cdc5ef8e88208d686a4847bab8266870023"},
    {file = "pillow-10.2.0-cp310-cp310-win_amd64.whl", hash = "sha256:aebb6044806f2e16ecc07b2a2637ee1ef67a11840a66752751714a0d924adf72"},
    {file = "pillow-10.2.0-cp310-cp310-win_arm64.whl", hash = "sha256:7049e301399273a0136ff39b84c3678e314f2158f50f517bc50285fb5ec847ad"},
    {file = "pillow-10.2.0-cp311-cp311-macosx_10_10_x86_64.whl", hash = "sha256:35bb52c37f256f662abdfa49d2dfa6ce5d93281d323a9af377a120e89a9eafb5"},
    {file = "pillow-10.2.0-cp311-cp311-macosx_11_0_arm64.whl", hash = "sha256:9c23f307202661071d94b5e384e1e1dc7dfb972a28a2310e4ee16103e66ddb67"},
    {file = "pillow-10.2.0-cp311-cp311-manylinux_2_17_aarch64.manylinux2014_aarch64.whl", hash = "sha256:773efe0603db30c281521a7c0214cad7836c03b8ccff897beae9b47c0b657d61"},
    {file = "pillow-10.2.0-cp311-cp311-manylinux_2_17_x86_64.manylinux2014_x86_64.whl", hash = "sha256:11fa2e5984b949b0dd6d7a94d967743d87c577ff0b83392f17cb3990d0d2fd6e"},
    {file = "pillow-10.2.0-cp311-cp311-manylinux_2_28_aarch64.whl", hash = "sha256:716d30ed977be8b37d3ef185fecb9e5a1d62d110dfbdcd1e2a122ab46fddb03f"},
    {file = "pillow-10.2.0-cp311-cp311-manylinux_2_28_x86_64.whl", hash = "sha256:a086c2af425c5f62a65e12fbf385f7c9fcb8f107d0849dba5839461a129cf311"},
    {file = "pillow-10.2.0-cp311-cp311-musllinux_1_1_aarch64.whl", hash = "sha256:c8de2789052ed501dd829e9cae8d3dcce7acb4777ea4a479c14521c942d395b1"},
    {file = "pillow-10.2.0-cp311-cp311-musllinux_1_1_x86_64.whl", hash = "sha256:609448742444d9290fd687940ac0b57fb35e6fd92bdb65386e08e99af60bf757"},
    {file = "pillow-10.2.0-cp311-cp311-win32.whl", hash = "sha256:823ef7a27cf86df6597fa0671066c1b596f69eba53efa3d1e1cb8b30f3533068"},
    {file = "pillow-10.2.0-cp311-cp311-win_amd64.whl", hash = "sha256:1da3b2703afd040cf65ec97efea81cfba59cdbed9c11d8efc5ab09df9509fc56"},
    {file = "pillow-10.2.0-cp311-cp311-win_arm64.whl", hash = "sha256:edca80cbfb2b68d7b56930b84a0e45ae1694aeba0541f798e908a49d66b837f1"},
    {file = "pillow-10.2.0-cp312-cp312-macosx_10_10_x86_64.whl", hash = "sha256:1b5e1b74d1bd1b78bc3477528919414874748dd363e6272efd5abf7654e68bef"},
    {file = "pillow-10.2.0-cp312-cp312-macosx_11_0_arm64.whl", hash = "sha256:0eae2073305f451d8ecacb5474997c08569fb4eb4ac231ffa4ad7d342fdc25ac"},
    {file = "pillow-10.2.0-cp312-cp312-manylinux_2_17_aarch64.manylinux2014_aarch64.whl", hash = "sha256:b7c2286c23cd350b80d2fc9d424fc797575fb16f854b831d16fd47ceec078f2c"},
    {file = "pillow-10.2.0-cp312-cp312-manylinux_2_17_x86_64.manylinux2014_x86_64.whl", hash = "sha256:1e23412b5c41e58cec602f1135c57dfcf15482013ce6e5f093a86db69646a5aa"},
    {file = "pillow-10.2.0-cp312-cp312-manylinux_2_28_aarch64.whl", hash = "sha256:52a50aa3fb3acb9cf7213573ef55d31d6eca37f5709c69e6858fe3bc04a5c2a2"},
    {file = "pillow-10.2.0-cp312-cp312-manylinux_2_28_x86_64.whl", hash = "sha256:127cee571038f252a552760076407f9cff79761c3d436a12af6000cd182a9d04"},
    {file = "pillow-10.2.0-cp312-cp312-musllinux_1_1_aarch64.whl", hash = "sha256:8d12251f02d69d8310b046e82572ed486685c38f02176bd08baf216746eb947f"},
    {file = "pillow-10.2.0-cp312-cp312-musllinux_1_1_x86_64.whl", hash = "sha256:54f1852cd531aa981bc0965b7d609f5f6cc8ce8c41b1139f6ed6b3c54ab82bfb"},
    {file = "pillow-10.2.0-cp312-cp312-win32.whl", hash = "sha256:257d8788df5ca62c980314053197f4d46eefedf4e6175bc9412f14412ec4ea2f"},
    {file = "pillow-10.2.0-cp312-cp312-win_amd64.whl", hash = "sha256:154e939c5f0053a383de4fd3d3da48d9427a7e985f58af8e94d0b3c9fcfcf4f9"},
    {file = "pillow-10.2.0-cp312-cp312-win_arm64.whl", hash = "sha256:f379abd2f1e3dddb2b61bc67977a6b5a0a3f7485538bcc6f39ec76163891ee48"},
    {file = "pillow-10.2.0-cp38-cp38-macosx_10_10_x86_64.whl", hash = "sha256:8373c6c251f7ef8bda6675dd6d2b3a0fcc31edf1201266b5cf608b62a37407f9"},
    {file = "pillow-10.2.0-cp38-cp38-macosx_11_0_arm64.whl", hash = "sha256:870ea1ada0899fd0b79643990809323b389d4d1d46c192f97342eeb6ee0b8483"},
    {file = "pillow-10.2.0-cp38-cp38-manylinux_2_17_aarch64.manylinux2014_aarch64.whl", hash = "sha256:b4b6b1e20608493548b1f32bce8cca185bf0480983890403d3b8753e44077129"},
    {file = "pillow-10.2.0-cp38-cp38-manylinux_2_17_x86_64.manylinux2014_x86_64.whl", hash = "sha256:3031709084b6e7852d00479fd1d310b07d0ba82765f973b543c8af5061cf990e"},
    {file = "pillow-10.2.0-cp38-cp38-manylinux_2_28_aarch64.whl", hash = "sha256:3ff074fc97dd4e80543a3e91f69d58889baf2002b6be64347ea8cf5533188213"},
    {file = "pillow-10.2.0-cp38-cp38-manylinux_2_28_x86_64.whl", hash = "sha256:cb4c38abeef13c61d6916f264d4845fab99d7b711be96c326b84df9e3e0ff62d"},
    {file = "pillow-10.2.0-cp38-cp38-musllinux_1_1_aarch64.whl", hash = "sha256:b1b3020d90c2d8e1dae29cf3ce54f8094f7938460fb5ce8bc5c01450b01fbaf6"},
    {file = "pillow-10.2.0-cp38-cp38-musllinux_1_1_x86_64.whl", hash = "sha256:170aeb00224ab3dc54230c797f8404507240dd868cf52066f66a41b33169bdbe"},
    {file = "pillow-10.2.0-cp38-cp38-win32.whl", hash = "sha256:c4225f5220f46b2fde568c74fca27ae9771536c2e29d7c04f4fb62c83275ac4e"},
    {file = "pillow-10.2.0-cp38-cp38-win_amd64.whl", hash = "sha256:0689b5a8c5288bc0504d9fcee48f61a6a586b9b98514d7d29b840143d6734f39"},
    {file = "pillow-10.2.0-cp39-cp39-macosx_10_10_x86_64.whl", hash = "sha256:b792a349405fbc0163190fde0dc7b3fef3c9268292586cf5645598b48e63dc67"},
    {file = "pillow-10.2.0-cp39-cp39-macosx_11_0_arm64.whl", hash = "sha256:c570f24be1e468e3f0ce7ef56a89a60f0e05b30a3669a459e419c6eac2c35364"},
    {file = "pillow-10.2.0-cp39-cp39-manylinux_2_17_aarch64.manylinux2014_aarch64.whl", hash = "sha256:d8ecd059fdaf60c1963c58ceb8997b32e9dc1b911f5da5307aab614f1ce5c2fb"},
    {file = "pillow-10.2.0-cp39-cp39-manylinux_2_17_x86_64.manylinux2014_x86_64.whl", hash = "sha256:c365fd1703040de1ec284b176d6af5abe21b427cb3a5ff68e0759e1e313a5e7e"},
    {file = "pillow-10.2.0-cp39-cp39-manylinux_2_28_aarch64.whl", hash = "sha256:70c61d4c475835a19b3a5aa42492409878bbca7438554a1f89d20d58a7c75c01"},
    {file = "pillow-10.2.0-cp39-cp39-manylinux_2_28_x86_64.whl", hash = "sha256:b6f491cdf80ae540738859d9766783e3b3c8e5bd37f5dfa0b76abdecc5081f13"},
    {file = "pillow-10.2.0-cp39-cp39-musllinux_1_1_aarch64.whl", hash = "sha256:9d189550615b4948f45252d7f005e53c2040cea1af5b60d6f79491a6e147eef7"},
    {file = "pillow-10.2.0-cp39-cp39-musllinux_1_1_x86_64.whl", hash = "sha256:49d9ba1ed0ef3e061088cd1e7538a0759aab559e2e0a80a36f9fd9d8c0c21591"},
    {file = "pillow-10.2.0-cp39-cp39-win32.whl", hash = "sha256:babf5acfede515f176833ed6028754cbcd0d206f7f614ea3447d67c33be12516"},
    {file = "pillow-10.2.0-cp39-cp39-win_amd64.whl", hash = "sha256:0304004f8067386b477d20a518b50f3fa658a28d44e4116970abfcd94fac34a8"},
    {file = "pillow-10.2.0-cp39-cp39-win_arm64.whl", hash = "sha256:0fb3e7fc88a14eacd303e90481ad983fd5b69c761e9e6ef94c983f91025da869"},
    {file = "pillow-10.2.0-pp310-pypy310_pp73-macosx_10_10_x86_64.whl", hash = "sha256:322209c642aabdd6207517e9739c704dc9f9db943015535783239022002f054a"},
    {file = "pillow-10.2.0-pp310-pypy310_pp73-manylinux_2_17_aarch64.manylinux2014_aarch64.whl", hash = "sha256:3eedd52442c0a5ff4f887fab0c1c0bb164d8635b32c894bc1faf4c618dd89df2"},
    {file = "pillow-10.2.0-pp310-pypy310_pp73-manylinux_2_17_x86_64.manylinux2014_x86_64.whl", hash = "sha256:cb28c753fd5eb3dd859b4ee95de66cc62af91bcff5db5f2571d32a520baf1f04"},
    {file = "pillow-10.2.0-pp310-pypy310_pp73-manylinux_2_28_aarch64.whl", hash = "sha256:33870dc4653c5017bf4c8873e5488d8f8d5f8935e2f1fb9a2208c47cdd66efd2"},
    {file = "pillow-10.2.0-pp310-pypy310_pp73-manylinux_2_28_x86_64.whl", hash = "sha256:3c31822339516fb3c82d03f30e22b1d038da87ef27b6a78c9549888f8ceda39a"},
    {file = "pillow-10.2.0-pp310-pypy310_pp73-win_amd64.whl", hash = "sha256:a2b56ba36e05f973d450582fb015594aaa78834fefe8dfb8fcd79b93e64ba4c6"},
    {file = "pillow-10.2.0-pp38-pypy38_pp73-win_amd64.whl", hash = "sha256:d8e6aeb9201e655354b3ad049cb77d19813ad4ece0df1249d3c793de3774f8c7"},
    {file = "pillow-10.2.0-pp39-pypy39_pp73-macosx_10_10_x86_64.whl", hash = "sha256:2247178effb34a77c11c0e8ac355c7a741ceca0a732b27bf11e747bbc950722f"},
    {file = "pillow-10.2.0-pp39-pypy39_pp73-manylinux_2_17_aarch64.manylinux2014_aarch64.whl", hash = "sha256:15587643b9e5eb26c48e49a7b33659790d28f190fc514a322d55da2fb5c2950e"},
    {file = "pillow-10.2.0-pp39-pypy39_pp73-manylinux_2_17_x86_64.manylinux2014_x86_64.whl", hash = "sha256:753cd8f2086b2b80180d9b3010dd4ed147efc167c90d3bf593fe2af21265e5a5"},
    {file = "pillow-10.2.0-pp39-pypy39_pp73-manylinux_2_28_aarch64.whl", hash = "sha256:7c8f97e8e7a9009bcacbe3766a36175056c12f9a44e6e6f2d5caad06dcfbf03b"},
    {file = "pillow-10.2.0-pp39-pypy39_pp73-manylinux_2_28_x86_64.whl", hash = "sha256:d1b35bcd6c5543b9cb547dee3150c93008f8dd0f1fef78fc0cd2b141c5baf58a"},
    {file = "pillow-10.2.0-pp39-pypy39_pp73-win_amd64.whl", hash = "sha256:fe4c15f6c9285dc54ce6553a3ce908ed37c8f3825b5a51a15c91442bb955b868"},
    {file = "pillow-10.2.0.tar.gz", hash = "sha256:e87f0b2c78157e12d7686b27d63c070fd65d994e8ddae6f328e0dcf4a0cd007e"},
]

[package.extras]
docs = ["furo", "olefile", "sphinx (>=2.4)", "sphinx-copybutton", "sphinx-inline-tabs", "sphinx-removed-in", "sphinxext-opengraph"]
fpx = ["olefile"]
mic = ["olefile"]
tests = ["check-manifest", "coverage", "defusedxml", "markdown2", "olefile", "packaging", "pyroma", "pytest", "pytest-cov", "pytest-timeout"]
typing = ["typing-extensions"]
xmp = ["defusedxml"]

[[package]]
name = "pluggy"
version = "1.4.0"
description = "plugin and hook calling mechanisms for python"
optional = false
python-versions = ">=3.8"
files = [
    {file = "pluggy-1.4.0-py3-none-any.whl", hash = "sha256:7db9f7b503d67d1c5b95f59773ebb58a8c1c288129a88665838012cfb07b8981"},
    {file = "pluggy-1.4.0.tar.gz", hash = "sha256:8c85c2876142a764e5b7548e7d9a0e0ddb46f5185161049a79b7e974454223be"},
]

[package.extras]
dev = ["pre-commit", "tox"]
testing = ["pytest", "pytest-benchmark"]

[[package]]
name = "pytest"
version = "7.4.3"
description = "pytest: simple powerful testing with Python"
optional = false
python-versions = ">=3.7"
files = [
    {file = "pytest-7.4.3-py3-none-any.whl", hash = "sha256:0d009c083ea859a71b76adf7c1d502e4bc170b80a8ef002da5806527b9591fac"},
    {file = "pytest-7.4.3.tar.gz", hash = "sha256:d989d136982de4e3b29dabcc838ad581c64e8ed52c11fbe86ddebd9da0818cd5"},
]

[package.dependencies]
colorama = {version = "*", markers = "sys_platform == \"win32\""}
iniconfig = "*"
packaging = "*"
pluggy = ">=0.12,<2.0"

[package.extras]
testing = ["argcomplete", "attrs (>=19.2.0)", "hypothesis (>=3.56)", "mock", "nose", "pygments (>=2.7.2)", "requests", "setuptools", "xmlschema"]

[[package]]
name = "pytest-cov"
version = "4.1.0"
description = "Pytest plugin for measuring coverage."
optional = false
python-versions = ">=3.7"
files = [
    {file = "pytest-cov-4.1.0.tar.gz", hash = "sha256:3904b13dfbfec47f003b8e77fd5b589cd11904a21ddf1ab38a64f204d6a10ef6"},
    {file = "pytest_cov-4.1.0-py3-none-any.whl", hash = "sha256:6ba70b9e97e69fcc3fb45bfeab2d0a138fb65c4d0d6a41ef33983ad114be8c3a"},
]

[package.dependencies]
coverage = {version = ">=5.2.1", extras = ["toml"]}
pytest = ">=4.6"

[package.extras]
testing = ["fields", "hunter", "process-tests", "pytest-xdist", "six", "virtualenv"]

[[package]]
name = "uharfbuzz"
version = "0.39.0"
description = "Streamlined Cython bindings for the harfbuzz shaping engine"
optional = false
python-versions = ">=3.5"
files = [
    {file = "uharfbuzz-0.39.0-cp310-cp310-macosx_10_9_universal2.whl", hash = "sha256:5ff51e5592c1876777c4a06324b86090c5dd0132edf447266664b9a8fa56baa4"},
    {file = "uharfbuzz-0.39.0-cp310-cp310-macosx_10_9_x86_64.whl", hash = "sha256:d3c0e0a10b8d5fc73a0d0127d25de39b77bb043d551913f8b0d771663fe596e0"},
    {file = "uharfbuzz-0.39.0-cp310-cp310-macosx_11_0_arm64.whl", hash = "sha256:69843a9c88180d2e109c3aac6655d1150a04ce55b124aea09e89406f40b907d6"},
    {file = "uharfbuzz-0.39.0-cp310-cp310-manylinux_2_17_x86_64.manylinux2014_x86_64.whl", hash = "sha256:325470442109b332d7baa02bd5478ad3e75d6c05ccb22220cc3cdd7d303a7207"},
    {file = "uharfbuzz-0.39.0-cp310-cp310-musllinux_1_1_x86_64.whl", hash = "sha256:cc49cc9a0e39d71897b042aabfa202162b1a712f6b58a8603281af19e445d2d7"},
    {file = "uharfbuzz-0.39.0-cp310-cp310-win32.whl", hash = "sha256:6805d6b74578b89f13531f91c62b2236d88696b63d0ee24a7cedda5d93d8ae2d"},
    {file = "uharfbuzz-0.39.0-cp310-cp310-win_amd64.whl", hash = "sha256:0052ac6417a96f17ef75215b1935d8ad4b323a4c9f36f802fe19577df3441265"},
    {file = "uharfbuzz-0.39.0-cp311-cp311-macosx_10_9_universal2.whl", hash = "sha256:215584021d37d9fcee763cebfc0ed53c0cbe0773a6cd29bc3dcc06b1343ff056"},
    {file = "uharfbuzz-0.39.0-cp311-cp311-macosx_10_9_x86_64.whl", hash = "sha256:a86e1587d050f78bf03a773fe26b3ec5f693e4b3126b86efff8ae40969f40e93"},
    {file = "uharfbuzz-0.39.0-cp311-cp311-macosx_11_0_arm64.whl", hash = "sha256:a0b5d8bce0de0bc2235509b1e082aa63cec5ed6f38df2b0b385d3c3edfffa6b6"},
    {file = "uharfbuzz-0.39.0-cp311-cp311-manylinux_2_17_x86_64.manylinux2014_x86_64.whl", hash = "sha256:c4537301a29d1f6045b8ec26689a3b8f31ccc427c2948a585be33e45eb941790"},
    {file = "uharfbuzz-0.39.0-cp311-cp311-musllinux_1_1_x86_64.whl", hash = "sha256:e3a8f52ad2d269fdc55bde9f070c1677d4fabce35598ad1a47acb1e41d8dfcc2"},
    {file = "uharfbuzz-0.39.0-cp311-cp311-win32.whl", hash = "sha256:52622a55b61745e4517e94e499ba413de911a880e0b453080d487c9b1bcfd5f3"},
    {file = "uharfbuzz-0.39.0-cp311-cp311-win_amd64.whl", hash = "sha256:c654e2c3809df4c9b1a2bd3389eb4cc09019487401f907c419f51729ad42cf0c"},
    {file = "uharfbuzz-0.39.0-cp312-cp312-macosx_10_9_universal2.whl", hash = "sha256:f39bf28824ecbd0223cb2ea556ff1350ba6da73a6415c46d1151e1d42fb06b7b"},
    {file = "uharfbuzz-0.39.0-cp312-cp312-macosx_10_9_x86_64.whl", hash = "sha256:e4b34a3d77cbb1ffbdaf64d1682cb0d74b8718f85978b9285076386c84af5c0b"},
    {file = "uharfbuzz-0.39.0-cp312-cp312-macosx_11_0_arm64.whl", hash = "sha256:dae94177e1884de5a123c2c6eff644dbd2aad37d413101a6141b64640d61dafa"},
    {file = "uharfbuzz-0.39.0-cp312-cp312-manylinux_2_17_x86_64.manylinux2014_x86_64.whl", hash = "sha256:8c2a13dab378570e7d1caad2e19174210b4a8ec1913f5322a08e697aaa380504"},
    {file = "uharfbuzz-0.39.0-cp312-cp312-musllinux_1_1_x86_64.whl", hash = "sha256:44c411413f40c94756a38a1f8815b6d0ccc15209314a266e7525332d477a4e58"},
    {file = "uharfbuzz-0.39.0-cp312-cp312-win32.whl", hash = "sha256:5ff35cd9c1b451c3f00a5e9b0d7436abd940b825188835996253c9de4e43da21"},
    {file = "uharfbuzz-0.39.0-cp312-cp312-win_amd64.whl", hash = "sha256:69ef1d0111d5d7dcb4b3379193ba691afad66af7e3316deeb033d8ca10373dd6"},
    {file = "uharfbuzz-0.39.0-cp36-cp36m-macosx_10_9_x86_64.whl", hash = "sha256:9e88b4a400bd4e4248e51eff366c35389b690e2823879133de578be1e998e07b"},
    {file = "uharfbuzz-0.39.0-cp36-cp36m-manylinux_2_17_x86_64.manylinux2014_x86_64.whl", hash = "sha256:8d5dd67fdb4478570d4d4ce7b778e197f1a70a8421754ee49a254621114b6a0e"},
    {file = "uharfbuzz-0.39.0-cp36-cp36m-musllinux_1_1_x86_64.whl", hash = "sha256:937f78ffba0b77a72f4f8e0ef832fe4b5c806d5358c4c03c909584a4a0525c28"},
    {file = "uharfbuzz-0.39.0-cp36-cp36m-win32.whl", hash = "sha256:1ee30a17b2b8c36134100fea33a8af4f9578642ac7e9c8e0c84944883e7ebbe3"},
    {file = "uharfbuzz-0.39.0-cp36-cp36m-win_amd64.whl", hash = "sha256:aeb1fa48d116fc29d68d3ccf290a3abb48361f4d236e45047d8212ab22297ce1"},
    {file = "uharfbuzz-0.39.0-cp37-cp37m-macosx_10_9_x86_64.whl", hash = "sha256:d6e56528c50c564c4225b165ef6551116f00c9f93495934112b1ba0f652e3034"},
    {file = "uharfbuzz-0.39.0-cp37-cp37m-manylinux_2_17_x86_64.manylinux2014_x86_64.whl", hash = "sha256:fd9a9bda7a6c5f61c9f04495c843716fe82d8db88da6391b27964078b806cdfb"},
    {file = "uharfbuzz-0.39.0-cp37-cp37m-musllinux_1_1_x86_64.whl", hash = "sha256:d79de7398cf17ab7f776f8fa74ac256e3b11b096d60d5445ea69bd3a2b1134de"},
    {file = "uharfbuzz-0.39.0-cp37-cp37m-win32.whl", hash = "sha256:0859fc58f2e1bfc157e94f11466fb890076187de033a512c10b45ffccd64d245"},
    {file = "uharfbuzz-0.39.0-cp37-cp37m-win_amd64.whl", hash = "sha256:c0133c582b1da5d0c2fdd9108d60098319944987e43ece3ecbb3b8ff88e9c358"},
    {file = "uharfbuzz-0.39.0-cp38-cp38-macosx_10_9_universal2.whl", hash = "sha256:a331a4abbbcc2407b67f9f626278f740da2f2f47c1991383cfa62d06a215fcfb"},
    {file = "uharfbuzz-0.39.0-cp38-cp38-macosx_10_9_x86_64.whl", hash = "sha256:a35ebaa0356dea7fa5823c7eed99304d8c8005a81044bf61b43bdfe5c51ba85c"},
    {file = "uharfbuzz-0.39.0-cp38-cp38-macosx_11_0_arm64.whl", hash = "sha256:4fa4293690546822eab82ac170f70a265564804f63500f34fb29ba01e99af7ea"},
    {file = "uharfbuzz-0.39.0-cp38-cp38-manylinux_2_17_x86_64.manylinux2014_x86_64.whl", hash = "sha256:d2c68988b88627c0055202efdd735997722e578f59e043802a98c8ef728d098f"},
    {file = "uharfbuzz-0.39.0-cp38-cp38-musllinux_1_1_x86_64.whl", hash = "sha256:602f65559d042133fcae16ff0defdb281f1ca6b60e8d74442a20cdce94d2cbf4"},
    {file = "uharfbuzz-0.39.0-cp38-cp38-win32.whl", hash = "sha256:c89e7500159a7ad3f01b5a7daa8c9c5ce1898255a67ab8c00d5c632e851e8c37"},
    {file = "uharfbuzz-0.39.0-cp38-cp38-win_amd64.whl", hash = "sha256:bdbe7ec57b355bca50fade21b8211441bf0c6b39bdc03e6269fc1f211202141c"},
    {file = "uharfbuzz-0.39.0-cp39-cp39-macosx_10_9_universal2.whl", hash = "sha256:7f8e2e68cf6f46cd4660765f6a9d69340f574cf5230ecd18fda162c84b00003f"},
    {file = "uharfbuzz-0.39.0-cp39-cp39-macosx_10_9_x86_64.whl", hash = "sha256:53436a79d6e57b8b3a0ffb75d230dc58902d554989259d542d68cf07e74f9dfc"},
    {file = "uharfbuzz-0.39.0-cp39-cp39-macosx_11_0_arm64.whl", hash = "sha256:7cf1b20203a0fb3a3391604ae24e7014c92ba62b0acd2de02d030609a90296ee"},
    {file = "uharfbuzz-0.39.0-cp39-cp39-manylinux_2_17_x86_64.manylinux2014_x86_64.whl", hash = "sha256:10b412a613a670ea3f8333bfade163250328f31d102d91345ae51f2a4aec20a6"},
    {file = "uharfbuzz-0.39.0-cp39-cp39-musllinux_1_1_x86_64.whl", hash = "sha256:e49c1218f0124717c0a2eec98bf45e4825a8abbe8efc41f5ec51823053b12b11"},
    {file = "uharfbuzz-0.39.0-cp39-cp39-win32.whl", hash = "sha256:ae35d03864a241958d14c00035acae8598081de435383aa2a83afd2ff5011a45"},
    {file = "uharfbuzz-0.39.0-cp39-cp39-win_amd64.whl", hash = "sha256:8721ef0912efab90e31711ed14a7b63569f392727f9d4ced0296c16466e1def7"},
    {file = "uharfbuzz-0.39.0-pp310-pypy310_pp73-macosx_10_9_x86_64.whl", hash = "sha256:583fc67684f4b49c5140f46b8245689f27f336dc54355ea33e8aea046e51f16d"},
    {file = "uharfbuzz-0.39.0-pp310-pypy310_pp73-manylinux_2_17_x86_64.manylinux2014_x86_64.whl", hash = "sha256:216f2283f67ec2c1d95e1722cbec6338af6e3dc780937f85516aa8545fb885af"},
    {file = "uharfbuzz-0.39.0-pp310-pypy310_pp73-win_amd64.whl", hash = "sha256:d0ff6a88d0d91fe536b253776f0b9fa61cb204a2f25731894b92cd750b874273"},
    {file = "uharfbuzz-0.39.0-pp37-pypy37_pp73-macosx_10_9_x86_64.whl", hash = "sha256:ffa958d3fe7bdab9e8a6c051a73cfe2b4bb31b9eb75941083822683f4c1dfd9f"},
    {file = "uharfbuzz-0.39.0-pp37-pypy37_pp73-manylinux_2_17_x86_64.manylinux2014_x86_64.whl", hash = "sha256:8f4c89469bfddc4c1b3fcec561b8301296b3f0e91fb007ed7e0763dbb7e7dcb6"},
    {file = "uharfbuzz-0.39.0-pp37-pypy37_pp73-win_amd64.whl", hash = "sha256:5b5b9b79e1d05f5cd8f27c5eedf12f1a1b34b2514714429afbb0a3866d43e844"},
    {file = "uharfbuzz-0.39.0-pp38-pypy38_pp73-macosx_10_9_x86_64.whl", hash = "sha256:51df3775d020af3f3f007d30d01d3cd65f9eaa27a19b80f8d7f940e18dbcb2ef"},
    {file = "uharfbuzz-0.39.0-pp38-pypy38_pp73-manylinux_2_17_x86_64.manylinux2014_x86_64.whl", hash = "sha256:c3117989b0c28eb421e481b5ffb011ba102d7d9bff743b04ffaa4438cafc02cc"},
    {file = "uharfbuzz-0.39.0-pp38-pypy38_pp73-win_amd64.whl", hash = "sha256:c3c3aa15e39a15bac118e62d93e1780ef021fdf044f55f0ffff10961d59858af"},
    {file = "uharfbuzz-0.39.0-pp39-pypy39_pp73-macosx_10_9_x86_64.whl", hash = "sha256:d89605815645bd99b2b0c597538f0c7dcb3511a7aeafd2b2b5f8f2a7909c1797"},
    {file = "uharfbuzz-0.39.0-pp39-pypy39_pp73-manylinux_2_17_x86_64.manylinux2014_x86_64.whl", hash = "sha256:950dfc066836f9547e6c4b29f3d9da54a4da19a81ad3aa3e21b665bdfddff3a3"},
    {file = "uharfbuzz-0.39.0-pp39-pypy39_pp73-win_amd64.whl", hash = "sha256:57f34986aa243f9b3048c3770afa8f88497dc712d925fdc0596d5389dd3a2faf"},
    {file = "uharfbuzz-0.39.0.zip", hash = "sha256:06001ab50339003b04b194fd3804e3292c023b3f1d5b376f7e128891cc584491"},
]

[metadata]
lock-version = "2.0"
python-versions = "^3.12"
content-hash = "fb4e17f54e73df3ebe7d3b7593837904335acaa05676377f082b027b958bbd1f"
